
Microsoft Visual Studio Solution File, Format Version 12.00
# Visual Studio Version 17
VisualStudioVersion = 17.7.34031.279
MinimumVisualStudioVersion = 10.0.40219.1
Project("{2150E333-8FDC-42A3-9474-1A3956D46DE8}") = "src", "src", "{0B7CC363-CF34-4B40-A769-7E928A6B25AF}"
EndProject
Project("{2150E333-8FDC-42A3-9474-1A3956D46DE8}") = "test", "test", "{3DEB81D4-5B40-4D20-AC50-66D1CD6EA24A}"
EndProject
Project("{2150E333-8FDC-42A3-9474-1A3956D46DE8}") = "clients", "clients", "{A4154BEB-4B4A-4A48-B75D-B52432304F36}"
EndProject
Project("{9A19103F-16F7-4668-BE54-9A1E7A4F7556}") = "OidcClient", "src\OidcClient\OidcClient.csproj", "{BE059A81-6F97-4345-9A70-A9B278D86213}"
EndProject
Project("{9A19103F-16F7-4668-BE54-9A1E7A4F7556}") = "OidcClient.Tests", "test\OidcClient.Tests\OidcClient.Tests.csproj", "{B3874074-52B5-4319-B1F4-6896E8DC51B4}"
EndProject
Project("{9A19103F-16F7-4668-BE54-9A1E7A4F7556}") = "ConsoleClientWithBrowser", "clients\ConsoleClientWithBrowser\ConsoleClientWithBrowser.csproj", "{D8307A14-403E-48A4-870F-88CF9FE8CACA}"
EndProject
Project("{9A19103F-16F7-4668-BE54-9A1E7A4F7556}") = "IdentityTokenValidator", "src\IdentityTokenValidator\IdentityTokenValidator.csproj", "{B5E03BAE-BDB8-4516-AE1A-F9F262C87DE8}"
EndProject
Project("{9A19103F-16F7-4668-BE54-9A1E7A4F7556}") = "JwtValidationTests", "test\JwtValidationTests\JwtValidationTests.csproj", "{927224F5-C4B6-404F-8028-60E867D8D24C}"
EndProject
Project("{9A19103F-16F7-4668-BE54-9A1E7A4F7556}") = "DPoP", "src\DPoP\DPoP.csproj", "{56EC3A58-33FE-4DCD-9D64-2A985DC58C2C}"
EndProject
Project("{9A19103F-16F7-4668-BE54-9A1E7A4F7556}") = "DPoPTests", "test\DPoPTests\DPoPTests.csproj", "{0E1807AF-4142-4A3D-925C-BBA019E4E777}"
EndProject
Project("{9A19103F-16F7-4668-BE54-9A1E7A4F7556}") = "ConsoleClientWithBrowserAndDPoP", "clients\ConsoleClientWithBrowserAndDPoP\ConsoleClientWithBrowserAndDPoP.csproj", "{7DDDA872-49C0-43F0-8B88-2531BF828DDE}"
EndProject
Project("{9A19103F-16F7-4668-BE54-9A1E7A4F7556}") = "TrimmableAnalysis", "test\TrimmableAnalysis\TrimmableAnalysis.csproj", "{672FE4E9-9071-4C59-95FC-F265DF6B2FF5}"
EndProject
Project("{9A19103F-16F7-4668-BE54-9A1E7A4F7556}") = "ManualModeConsoleClient", "clients\ManualModeConsoleClient\ManualModeConsoleClient.csproj", "{864F9320-43C3-494E-946A-B19B4A7D1CA3}"
EndProject
Project("{2150E333-8FDC-42A3-9474-1A3956D46DE8}") = "Solution Items", "Solution Items", "{8EB34682-F5A0-4F91-A624-64F042B5B910}"
	ProjectSection(SolutionItems) = preProject
		README.md = README.md
	EndProjectSection
EndProject
Global
	GlobalSection(SolutionConfigurationPlatforms) = preSolution
		Debug|Any CPU = Debug|Any CPU
		Release|Any CPU = Release|Any CPU
	EndGlobalSection
	GlobalSection(ProjectConfigurationPlatforms) = postSolution
		{BE059A81-6F97-4345-9A70-A9B278D86213}.Debug|Any CPU.ActiveCfg = Debug|Any CPU
		{BE059A81-6F97-4345-9A70-A9B278D86213}.Debug|Any CPU.Build.0 = Debug|Any CPU
		{BE059A81-6F97-4345-9A70-A9B278D86213}.Release|Any CPU.ActiveCfg = Release|Any CPU
		{BE059A81-6F97-4345-9A70-A9B278D86213}.Release|Any CPU.Build.0 = Release|Any CPU
		{B3874074-52B5-4319-B1F4-6896E8DC51B4}.Debug|Any CPU.ActiveCfg = Debug|Any CPU
		{B3874074-52B5-4319-B1F4-6896E8DC51B4}.Debug|Any CPU.Build.0 = Debug|Any CPU
		{B3874074-52B5-4319-B1F4-6896E8DC51B4}.Release|Any CPU.ActiveCfg = Release|Any CPU
		{B3874074-52B5-4319-B1F4-6896E8DC51B4}.Release|Any CPU.Build.0 = Release|Any CPU
		{D8307A14-403E-48A4-870F-88CF9FE8CACA}.Debug|Any CPU.ActiveCfg = Debug|Any CPU
		{D8307A14-403E-48A4-870F-88CF9FE8CACA}.Debug|Any CPU.Build.0 = Debug|Any CPU
		{D8307A14-403E-48A4-870F-88CF9FE8CACA}.Release|Any CPU.ActiveCfg = Release|Any CPU
		{D8307A14-403E-48A4-870F-88CF9FE8CACA}.Release|Any CPU.Build.0 = Release|Any CPU
		{B5E03BAE-BDB8-4516-AE1A-F9F262C87DE8}.Debug|Any CPU.ActiveCfg = Debug|Any CPU
		{B5E03BAE-BDB8-4516-AE1A-F9F262C87DE8}.Debug|Any CPU.Build.0 = Debug|Any CPU
		{B5E03BAE-BDB8-4516-AE1A-F9F262C87DE8}.Release|Any CPU.ActiveCfg = Release|Any CPU
		{B5E03BAE-BDB8-4516-AE1A-F9F262C87DE8}.Release|Any CPU.Build.0 = Release|Any CPU
		{927224F5-C4B6-404F-8028-60E867D8D24C}.Debug|Any CPU.ActiveCfg = Debug|Any CPU
		{927224F5-C4B6-404F-8028-60E867D8D24C}.Debug|Any CPU.Build.0 = Debug|Any CPU
		{927224F5-C4B6-404F-8028-60E867D8D24C}.Release|Any CPU.ActiveCfg = Release|Any CPU
		{927224F5-C4B6-404F-8028-60E867D8D24C}.Release|Any CPU.Build.0 = Release|Any CPU
		{56EC3A58-33FE-4DCD-9D64-2A985DC58C2C}.Debug|Any CPU.ActiveCfg = Debug|Any CPU
		{56EC3A58-33FE-4DCD-9D64-2A985DC58C2C}.Debug|Any CPU.Build.0 = Debug|Any CPU
		{56EC3A58-33FE-4DCD-9D64-2A985DC58C2C}.Release|Any CPU.ActiveCfg = Release|Any CPU
		{56EC3A58-33FE-4DCD-9D64-2A985DC58C2C}.Release|Any CPU.Build.0 = Release|Any CPU
		{0E1807AF-4142-4A3D-925C-BBA019E4E777}.Debug|Any CPU.ActiveCfg = Debug|Any CPU
		{0E1807AF-4142-4A3D-925C-BBA019E4E777}.Debug|Any CPU.Build.0 = Debug|Any CPU
		{0E1807AF-4142-4A3D-925C-BBA019E4E777}.Release|Any CPU.ActiveCfg = Release|Any CPU
		{0E1807AF-4142-4A3D-925C-BBA019E4E777}.Release|Any CPU.Build.0 = Release|Any CPU
		{7DDDA872-49C0-43F0-8B88-2531BF828DDE}.Debug|Any CPU.ActiveCfg = Debug|Any CPU
		{7DDDA872-49C0-43F0-8B88-2531BF828DDE}.Debug|Any CPU.Build.0 = Debug|Any CPU
		{7DDDA872-49C0-43F0-8B88-2531BF828DDE}.Release|Any CPU.ActiveCfg = Release|Any CPU
		{7DDDA872-49C0-43F0-8B88-2531BF828DDE}.Release|Any CPU.Build.0 = Release|Any CPU
		{672FE4E9-9071-4C59-95FC-F265DF6B2FF5}.Debug|Any CPU.ActiveCfg = Debug|Any CPU
		{672FE4E9-9071-4C59-95FC-F265DF6B2FF5}.Debug|Any CPU.Build.0 = Debug|Any CPU
		{672FE4E9-9071-4C59-95FC-F265DF6B2FF5}.Release|Any CPU.ActiveCfg = Release|Any CPU
		{672FE4E9-9071-4C59-95FC-F265DF6B2FF5}.Release|Any CPU.Build.0 = Release|Any CPU
		{864F9320-43C3-494E-946A-B19B4A7D1CA3}.Debug|Any CPU.ActiveCfg = Debug|Any CPU
		{864F9320-43C3-494E-946A-B19B4A7D1CA3}.Debug|Any CPU.Build.0 = Debug|Any CPU
		{864F9320-43C3-494E-946A-B19B4A7D1CA3}.Release|Any CPU.ActiveCfg = Release|Any CPU
		{864F9320-43C3-494E-946A-B19B4A7D1CA3}.Release|Any CPU.Build.0 = Release|Any CPU
	EndGlobalSection
	GlobalSection(SolutionProperties) = preSolution
		HideSolutionNode = FALSE
	EndGlobalSection
	GlobalSection(NestedProjects) = preSolution
		{BE059A81-6F97-4345-9A70-A9B278D86213} = {0B7CC363-CF34-4B40-A769-7E928A6B25AF}
		{B3874074-52B5-4319-B1F4-6896E8DC51B4} = {3DEB81D4-5B40-4D20-AC50-66D1CD6EA24A}
		{D8307A14-403E-48A4-870F-88CF9FE8CACA} = {A4154BEB-4B4A-4A48-B75D-B52432304F36}
		{B5E03BAE-BDB8-4516-AE1A-F9F262C87DE8} = {0B7CC363-CF34-4B40-A769-7E928A6B25AF}
		{927224F5-C4B6-404F-8028-60E867D8D24C} = {3DEB81D4-5B40-4D20-AC50-66D1CD6EA24A}
		{56EC3A58-33FE-4DCD-9D64-2A985DC58C2C} = {0B7CC363-CF34-4B40-A769-7E928A6B25AF}
		{0E1807AF-4142-4A3D-925C-BBA019E4E777} = {3DEB81D4-5B40-4D20-AC50-66D1CD6EA24A}
		{7DDDA872-49C0-43F0-8B88-2531BF828DDE} = {A4154BEB-4B4A-4A48-B75D-B52432304F36}
		{672FE4E9-9071-4C59-95FC-F265DF6B2FF5} = {3DEB81D4-5B40-4D20-AC50-66D1CD6EA24A}
		{864F9320-43C3-494E-946A-B19B4A7D1CA3} = {A4154BEB-4B4A-4A48-B75D-B52432304F36}
	EndGlobalSection
	GlobalSection(ExtensibilityGlobals) = postSolution
		SolutionGuid = {66951C2E-691F-408C-9283-F2455F390A9A}
	EndGlobalSection
EndGlobal
